
Microsoft Visual Studio Solution File, Format Version 12.00
# Visual Studio 2012
Project("{FAE04EC0-301F-11D3-BF4B-00C04F79EFBC}") = "AzandBukiW8", "AzandBukiW8\AzandBukiW8.csproj", "{8790D43C-889B-4EF1-9647-8BBEDFC9C38B}"
EndProject
Project("{F088123C-0E9E-452A-89E6-6BA2F21D5CAC}") = "ModelingProjectABC", "ModelingProjectABC\ModelingProjectABC.modelproj", "{7DA19E54-969D-4FD4-B0A7-9EFD15F58456}"
EndProject
Global
	GlobalSection(SolutionConfigurationPlatforms) = preSolution
		Debug|Any CPU = Debug|Any CPU
		Debug|ARM = Debug|ARM
		Debug|Mixed Platforms = Debug|Mixed Platforms
		Debug|x64 = Debug|x64
		Debug|x86 = Debug|x86
		Release|Any CPU = Release|Any CPU
		Release|ARM = Release|ARM
		Release|Mixed Platforms = Release|Mixed Platforms
		Release|x64 = Release|x64
		Release|x86 = Release|x86
	EndGlobalSection
	GlobalSection(ProjectConfigurationPlatforms) = postSolution
		{8790D43C-889B-4EF1-9647-8BBEDFC9C38B}.Debug|Any CPU.ActiveCfg = Debug|Any CPU
		{8790D43C-889B-4EF1-9647-8BBEDFC9C38B}.Debug|Any CPU.Build.0 = Debug|Any CPU
		{8790D43C-889B-4EF1-9647-8BBEDFC9C38B}.Debug|Any CPU.Deploy.0 = Debug|Any CPU
		{8790D43C-889B-4EF1-9647-8BBEDFC9C38B}.Debug|ARM.ActiveCfg = Debug|ARM
		{8790D43C-889B-4EF1-9647-8BBEDFC9C38B}.Debug|ARM.Build.0 = Debug|ARM
		{8790D43C-889B-4EF1-9647-8BBEDFC9C38B}.Debug|ARM.Deploy.0 = Debug|ARM
		{8790D43C-889B-4EF1-9647-8BBEDFC9C38B}.Debug|Mixed Platforms.ActiveCfg = Debug|x86
		{8790D43C-889B-4EF1-9647-8BBEDFC9C38B}.Debug|Mixed Platforms.Build.0 = Debug|x86
		{8790D43C-889B-4EF1-9647-8BBEDFC9C38B}.Debug|Mixed Platforms.Deploy.0 = Debug|x86
		{8790D43C-889B-4EF1-9647-8BBEDFC9C38B}.Debug|x64.ActiveCfg = Debug|x64
		{8790D43C-889B-4EF1-9647-8BBEDFC9C38B}.Debug|x64.Build.0 = Debug|x64
		{8790D43C-889B-4EF1-9647-8BBEDFC9C38B}.Debug|x64.Deploy.0 = Debug|x64
		{8790D43C-889B-4EF1-9647-8BBEDFC9C38B}.Debug|x86.ActiveCfg = Debug|x86
		{8790D43C-889B-4EF1-9647-8BBEDFC9C38B}.Debug|x86.Build.0 = Debug|x86
		{8790D43C-889B-4EF1-9647-8BBEDFC9C38B}.Debug|x86.Deploy.0 = Debug|x86
		{8790D43C-889B-4EF1-9647-8BBEDFC9C38B}.Release|Any CPU.ActiveCfg = Release|Any CPU
		{8790D43C-889B-4EF1-9647-8BBEDFC9C38B}.Release|Any CPU.Build.0 = Release|Any CPU
		{8790D43C-889B-4EF1-9647-8BBEDFC9C38B}.Release|Any CPU.Deploy.0 = Release|Any CPU
		{8790D43C-889B-4EF1-9647-8BBEDFC9C38B}.Release|ARM.ActiveCfg = Release|ARM
		{8790D43C-889B-4EF1-9647-8BBEDFC9C38B}.Release|ARM.Build.0 = Release|ARM
		{8790D43C-889B-4EF1-9647-8BBEDFC9C38B}.Release|ARM.Deploy.0 = Release|ARM
		{8790D43C-889B-4EF1-9647-8BBEDFC9C38B}.Release|Mixed Platforms.ActiveCfg = Release|x86
		{8790D43C-889B-4EF1-9647-8BBEDFC9C38B}.Release|Mixed Platforms.Build.0 = Release|x86
		{8790D43C-889B-4EF1-9647-8BBEDFC9C38B}.Release|Mixed Platforms.Deploy.0 = Release|x86
		{8790D43C-889B-4EF1-9647-8BBEDFC9C38B}.Release|x64.ActiveCfg = Release|x64
		{8790D43C-889B-4EF1-9647-8BBEDFC9C38B}.Release|x64.Build.0 = Release|x64
		{8790D43C-889B-4EF1-9647-8BBEDFC9C38B}.Release|x64.Deploy.0 = Release|x64
		{8790D43C-889B-4EF1-9647-8BBEDFC9C38B}.Release|x86.ActiveCfg = Release|x86
		{8790D43C-889B-4EF1-9647-8BBEDFC9C38B}.Release|x86.Build.0 = Release|x86
		{8790D43C-889B-4EF1-9647-8BBEDFC9C38B}.Release|x86.Deploy.0 = Release|x86
		{7DA19E54-969D-4FD4-B0A7-9EFD15F58456}.Debug|Any CPU.ActiveCfg = Debug|Any CPU
		{7DA19E54-969D-4FD4-B0A7-9EFD15F58456}.Debug|Any CPU.Build.0 = Debug|Any CPU
		{7DA19E54-969D-4FD4-B0A7-9EFD15F58456}.Debug|ARM.ActiveCfg = Debug|Any CPU
		{7DA19E54-969D-4FD4-B0A7-9EFD15F58456}.Debug|Mixed Platforms.ActiveCfg = Debug|Any CPU
		{7DA19E54-969D-4FD4-B0A7-9EFD15F58456}.Debug|Mixed Platforms.Build.0 = Debug|Any CPU
		{7DA19E54-969D-4FD4-B0A7-9EFD15F58456}.Debug|x64.ActiveCfg = Debug|Any CPU
		{7DA19E54-969D-4FD4-B0A7-9EFD15F58456}.Debug|x86.ActiveCfg = Debug|Any CPU
		{7DA19E54-969D-4FD4-B0A7-9EFD15F58456}.Release|Any CPU.ActiveCfg = Release|Any CPU
		{7DA19E54-969D-4FD4-B0A7-9EFD15F58456}.Release|Any CPU.Build.0 = Release|Any CPU
		{7DA19E54-969D-4FD4-B0A7-9EFD15F58456}.Release|ARM.ActiveCfg = Release|Any CPU
		{7DA19E54-969D-4FD4-B0A7-9EFD15F58456}.Release|Mixed Platforms.ActiveCfg = Release|Any CPU
		{7DA19E54-969D-4FD4-B0A7-9EFD15F58456}.Release|Mixed Platforms.Build.0 = Release|Any CPU
		{7DA19E54-969D-4FD4-B0A7-9EFD15F58456}.Release|x64.ActiveCfg = Release|Any CPU
		{7DA19E54-969D-4FD4-B0A7-9EFD15F58456}.Release|x86.ActiveCfg = Release|Any CPU
	EndGlobalSection
	GlobalSection(SolutionProperties) = preSolution
		HideSolutionNode = FALSE
	EndGlobalSection
EndGlobal
